
Microsoft Visual Studio Solution File, Format Version 12.00
# Visual Studio Version 17
VisualStudioVersion = 17.3.32922.545
MinimumVisualStudioVersion = 10.0.40219.1
Project("{8BC9CEB8-8B4A-11D0-8D11-00A0C91BC942}") = "Project5.5", "Project5.5\Project5.5.vcxproj", "{B5625080-0611-46DD-86EB-D708590A4172}"
EndProject
Project("{8BC9CEB8-8B4A-11D0-8D11-00A0C91BC942}") = "UnitTest5.5", "UnitTest5.5\UnitTest5.5.vcxproj", "{CE7592AF-C35E-4235-8219-469C1E129FC8}"
EndProject
Global
	GlobalSection(SolutionConfigurationPlatforms) = preSolution
		Debug|x64 = Debug|x64
		Debug|x86 = Debug|x86
		Release|x64 = Release|x64
		Release|x86 = Release|x86
	EndGlobalSection
	GlobalSection(ProjectConfigurationPlatforms) = postSolution
		{B5625080-0611-46DD-86EB-D708590A4172}.Debug|x64.ActiveCfg = Debug|x64
		{B5625080-0611-46DD-86EB-D708590A4172}.Debug|x64.Build.0 = Debug|x64
		{B5625080-0611-46DD-86EB-D708590A4172}.Debug|x86.ActiveCfg = Debug|Win32
		{B5625080-0611-46DD-86EB-D708590A4172}.Debug|x86.Build.0 = Debug|Win32
		{B5625080-0611-46DD-86EB-D708590A4172}.Release|x64.ActiveCfg = Release|x64
		{B5625080-0611-46DD-86EB-D708590A4172}.Release|x64.Build.0 = Release|x64
		{B5625080-0611-46DD-86EB-D708590A4172}.Release|x86.ActiveCfg = Release|Win32
		{B5625080-0611-46DD-86EB-D708590A4172}.Release|x86.Build.0 = Release|Win32
		{CE7592AF-C35E-4235-8219-469C1E129FC8}.Debug|x64.ActiveCfg = Debug|x64
		{CE7592AF-C35E-4235-8219-469C1E129FC8}.Debug|x64.Build.0 = Debug|x64
		{CE7592AF-C35E-4235-8219-469C1E129FC8}.Debug|x86.ActiveCfg = Debug|Win32
		{CE7592AF-C35E-4235-8219-469C1E129FC8}.Debug|x86.Build.0 = Debug|Win32
		{CE7592AF-C35E-4235-8219-469C1E129FC8}.Release|x64.ActiveCfg = Release|x64
		{CE7592AF-C35E-4235-8219-469C1E129FC8}.Release|x64.Build.0 = Release|x64
		{CE7592AF-C35E-4235-8219-469C1E129FC8}.Release|x86.ActiveCfg = Release|Win32
		{CE7592AF-C35E-4235-8219-469C1E129FC8}.Release|x86.Build.0 = Release|Win32
	EndGlobalSection
	GlobalSection(SolutionProperties) = preSolution
		HideSolutionNode = FALSE
	EndGlobalSection
	GlobalSection(ExtensibilityGlobals) = postSolution
		SolutionGuid = {97604B8D-7027-4E20-A8EC-70C5577DC41C}
	EndGlobalSection
EndGlobal
